Microsoft Visual Studio Solution File, Format Version 12.00
# Visual Studio Version 16
VisualStudioVersion = 16.0.31005.135
MinimumVisualStudioVersion = 10.0.40219.1
Project("{9A19103F-16F7-4668-BE54-9A1E7A4F7556}") = "InitializeDB", "InitializeDB\InitializeDB.csproj", "{707DAD7F-5632-4AD7-860E-73A181C52EE2}"
EndProject
Project("{9A19103F-16F7-4668-BE54-9A1E7A4F7556}") = "RentACarRESTGen.Infraestructure", "RentACarRESTGen.Infraestructure\RentACarRESTGen.Infraestructure.csproj", "{66C66636-FD6A-4A3F-A7C5-FE88BBA117AF}"
EndProject
Project("{9A19103F-16F7-4668-BE54-9A1E7A4F7556}") = "RentACarRESTGen.ApplicationCore", "RentACarRESTGen.ApplicationCore\RentACarRESTGen.ApplicationCore.csproj", "{12E96E9D-7855-4377-809C-5EF7040A2D1C}"
EndProject
Project("{9A19103F-16F7-4668-BE54-9A1E7A4F7556}") = "RentACarREST_REST", "RentACarREST_REST\RentACarREST_REST.csproj", "{038D3FA1-5319-4E7F-B4B5-C0A59942AF80}"
EndProject
Global
	GlobalSection(SolutionConfigurationPlatforms) = preSolution
		Debug|Any CPU = Debug|Any CPU
		Release|Any CPU = Release|Any CPU
	EndGlobalSection
	GlobalSection(ProjectConfigurationPlatforms) = postSolution
		{707DAD7F-5632-4AD7-860E-73A181C52EE2}.Debug|Any CPU.ActiveCfg = Debug|Any CPU
		{707DAD7F-5632-4AD7-860E-73A181C52EE2}.Debug|Any CPU.Build.0 = Debug|Any CPU
		{707DAD7F-5632-4AD7-860E-73A181C52EE2}.Release|Any CPU.ActiveCfg = Release|Any CPU
		{707DAD7F-5632-4AD7-860E-73A181C52EE2}.Release|Any CPU.Build.0 = Release|Any CPU
		{66C66636-FD6A-4A3F-A7C5-FE88BBA117AF}.Debug|Any CPU.ActiveCfg = Debug|Any CPU
		{66C66636-FD6A-4A3F-A7C5-FE88BBA117AF}.Debug|Any CPU.Build.0 = Debug|Any CPU
		{66C66636-FD6A-4A3F-A7C5-FE88BBA117AF}.Release|Any CPU.ActiveCfg = Release|Any CPU
		{66C66636-FD6A-4A3F-A7C5-FE88BBA117AF}.Release|Any CPU.Build.0 = Release|Any CPU
		{12E96E9D-7855-4377-809C-5EF7040A2D1C}.Debug|Any CPU.ActiveCfg = Debug|Any CPU
		{12E96E9D-7855-4377-809C-5EF7040A2D1C}.Debug|Any CPU.Build.0 = Debug|Any CPU
		{12E96E9D-7855-4377-809C-5EF7040A2D1C}.Release|Any CPU.ActiveCfg = Release|Any CPU
		{12E96E9D-7855-4377-809C-5EF7040A2D1C}.Release|Any CPU.Build.0 = Release|Any CPU
		{038D3FA1-5319-4E7F-B4B5-C0A59942AF80}.Debug|Any CPU.ActiveCfg = Debug|Any CPU
		{038D3FA1-5319-4E7F-B4B5-C0A59942AF80}.Debug|Any CPU.Build.0 = Debug|Any CPU
		{038D3FA1-5319-4E7F-B4B5-C0A59942AF80}.Release|Any CPU.ActiveCfg = Release|Any CPU
		{038D3FA1-5319-4E7F-B4B5-C0A59942AF80}.Release|Any CPU.Build.0 = Release|Any CPU
	EndGlobalSection
	GlobalSection(SolutionProperties) = preSolution
		HideSolutionNode = FALSE
	EndGlobalSection
	GlobalSection(ExtensibilityGlobals) = postSolution
		SolutionGuid = {B245FE30-A569-4C3F-B842-5A9AE103F23F}
	EndGlobalSection
EndGlobal
